{
  "name": "signalrtest",
  "version": "1.0.0",
  "lockfileVersion": 1,
  "requires": true,
  "dependencies": {
    "@aspnet/signalr": {
      "version": "1.0.3",
      "resolved": "http://registry.npm.taobao.org/@aspnet/signalr/download/@aspnet/signalr-1.0.3.tgz",
      "integrity": "sha1-G+ukod9yewlYvLMVxjqeHjP2PnE="
    },
    "comment-core-library": {
      "version": "0.9.3",
      "resolved": "http://registry.npm.taobao.org/comment-core-library/download/comment-core-library-0.9.3.tgz",
      "integrity": "sha1-wQnS8GTJqOCtPCxj5vLfPkbTTH0="
    }
  }
}
